
Microsoft Visual Studio Solution File, Format Version 12.00
# Visual Studio Version 17
VisualStudioVersion = 17.8.34309.116
MinimumVisualStudioVersion = 10.0.40219.1
Project("{FAE04EC0-301F-11D3-BF4B-00C04F79EFBC}") = "Contracts", "Contracts\Contracts.csproj", "{30CA21BD-B7CA-4B9F-B305-0A8C5FB963D6}"
EndProject
Project("{FAE04EC0-301F-11D3-BF4B-00C04F79EFBC}") = "Entities", "Entities\Entities.csproj", "{A312E81E-C614-41F5-923D-94AB7AE1FC48}"
EndProject
Project("{FAE04EC0-301F-11D3-BF4B-00C04F79EFBC}") = "Repository", "Repository\Repository.csproj", "{F17180CB-F6CB-4D89-9B62-9F930B54593B}"
EndProject
Project("{FAE04EC0-301F-11D3-BF4B-00C04F79EFBC}") = "NopCommerce.API", "NopCommerce.API\NopCommerce.API.csproj", "{4603F9E6-6C11-498C-B316-503F2807BF94}"
EndProject
Global
	GlobalSection(SolutionConfigurationPlatforms) = preSolution
		Debug|Any CPU = Debug|Any CPU
		Release|Any CPU = Release|Any CPU
	EndGlobalSection
	GlobalSection(ProjectConfigurationPlatforms) = postSolution
		{30CA21BD-B7CA-4B9F-B305-0A8C5FB963D6}.Debug|Any CPU.ActiveCfg = Debug|Any CPU
		{30CA21BD-B7CA-4B9F-B305-0A8C5FB963D6}.Debug|Any CPU.Build.0 = Debug|Any CPU
		{30CA21BD-B7CA-4B9F-B305-0A8C5FB963D6}.Release|Any CPU.ActiveCfg = Release|Any CPU
		{30CA21BD-B7CA-4B9F-B305-0A8C5FB963D6}.Release|Any CPU.Build.0 = Release|Any CPU
		{A312E81E-C614-41F5-923D-94AB7AE1FC48}.Debug|Any CPU.ActiveCfg = Debug|Any CPU
		{A312E81E-C614-41F5-923D-94AB7AE1FC48}.Debug|Any CPU.Build.0 = Debug|Any CPU
		{A312E81E-C614-41F5-923D-94AB7AE1FC48}.Release|Any CPU.ActiveCfg = Release|Any CPU
		{A312E81E-C614-41F5-923D-94AB7AE1FC48}.Release|Any CPU.Build.0 = Release|Any CPU
		{F17180CB-F6CB-4D89-9B62-9F930B54593B}.Debug|Any CPU.ActiveCfg = Debug|Any CPU
		{F17180CB-F6CB-4D89-9B62-9F930B54593B}.Debug|Any CPU.Build.0 = Debug|Any CPU
		{F17180CB-F6CB-4D89-9B62-9F930B54593B}.Release|Any CPU.ActiveCfg = Release|Any CPU
		{F17180CB-F6CB-4D89-9B62-9F930B54593B}.Release|Any CPU.Build.0 = Release|Any CPU
		{4603F9E6-6C11-498C-B316-503F2807BF94}.Debug|Any CPU.ActiveCfg = Debug|Any CPU
		{4603F9E6-6C11-498C-B316-503F2807BF94}.Debug|Any CPU.Build.0 = Debug|Any CPU
		{4603F9E6-6C11-498C-B316-503F2807BF94}.Release|Any CPU.ActiveCfg = Release|Any CPU
		{4603F9E6-6C11-498C-B316-503F2807BF94}.Release|Any CPU.Build.0 = Release|Any CPU
	EndGlobalSection
	GlobalSection(SolutionProperties) = preSolution
		HideSolutionNode = FALSE
	EndGlobalSection
	GlobalSection(ExtensibilityGlobals) = postSolution
		SolutionGuid = {21BB75A8-F5A7-40FC-B60E-1E7D70CEC566}
	EndGlobalSection
EndGlobal
